
Microsoft Visual Studio Solution File, Format Version 12.00
# Visual Studio Version 17
VisualStudioVersion = 17.9.34622.214
MinimumVisualStudioVersion = 10.0.40219.1
Project("{FAE04EC0-301F-11D3-BF4B-00C04F79EFBC}") = "Keyguard", "Keyguard.csproj", "{B343C27F-7BF3-4AFE-9ED7-EF6DF5BF1B41}"
EndProject
Global
	GlobalSection(SolutionConfigurationPlatforms) = preSolution
		Debug|Any CPU = Debug|Any CPU
		Release|Any CPU = Release|Any CPU
	EndGlobalSection
	GlobalSection(ProjectConfigurationPlatforms) = postSolution
		{B343C27F-7BF3-4AFE-9ED7-EF6DF5BF1B41}.Debug|Any CPU.ActiveCfg = Debug|Any CPU
		{B343C27F-7BF3-4AFE-9ED7-EF6DF5BF1B41}.Debug|Any CPU.Build.0 = Debug|Any CPU
		{B343C27F-7BF3-4AFE-9ED7-EF6DF5BF1B41}.Release|Any CPU.ActiveCfg = Release|x64
		{B343C27F-7BF3-4AFE-9ED7-EF6DF5BF1B41}.Release|Any CPU.Build.0 = Release|x64
	EndGlobalSection
	GlobalSection(SolutionProperties) = preSolution
		HideSolutionNode = FALSE
	EndGlobalSection
	GlobalSection(ExtensibilityGlobals) = postSolution
		SolutionGuid = {4EBDD0D8-9B3A-4BC4-B67F-CAC386EC8EC4}
	EndGlobalSection
EndGlobal
